
Microsoft Visual Studio Solution File, Format Version 12.00
# Visual Studio Version 17
VisualStudioVersion = 17.7.34031.279
MinimumVisualStudioVersion = 10.0.40219.1
Project("{FAE04EC0-301F-11D3-BF4B-00C04F79EFBC}") = "AdventOfCodeFeltilizer_Day5", "AdventOfCodeFeltilizer_Day5\AdventOfCodeFeltilizer_Day5.csproj", "{CFEE5A48-FCA1-43DA-92CF-B49A476BDF55}"
EndProject
Global
	GlobalSection(SolutionConfigurationPlatforms) = preSolution
		Debug|Any CPU = Debug|Any CPU
		Release|Any CPU = Release|Any CPU
	EndGlobalSection
	GlobalSection(ProjectConfigurationPlatforms) = postSolution
		{CFEE5A48-FCA1-43DA-92CF-B49A476BDF55}.Debug|Any CPU.ActiveCfg = Debug|Any CPU
		{CFEE5A48-FCA1-43DA-92CF-B49A476BDF55}.Debug|Any CPU.Build.0 = Debug|Any CPU
		{CFEE5A48-FCA1-43DA-92CF-B49A476BDF55}.Release|Any CPU.ActiveCfg = Release|Any CPU
		{CFEE5A48-FCA1-43DA-92CF-B49A476BDF55}.Release|Any CPU.Build.0 = Release|Any CPU
	EndGlobalSection
	GlobalSection(SolutionProperties) = preSolution
		HideSolutionNode = FALSE
	EndGlobalSection
	GlobalSection(ExtensibilityGlobals) = postSolution
		SolutionGuid = {168426B4-7571-4A16-B025-BAD44935B36D}
	EndGlobalSection
EndGlobal
